
Microsoft Visual Studio Solution File, Format Version 12.00
# Visual Studio Version 17
VisualStudioVersion = 17.5.33530.505
MinimumVisualStudioVersion = 10.0.40219.1
Project("{FAE04EC0-301F-11D3-BF4B-00C04F79EFBC}") = "Catstagram.Server", "Catstagram.Server\Catstagram.Server.csproj", "{5634934F-E10A-4C0D-AF8F-6F5C92EF0551}"
EndProject
Global
	GlobalSection(SolutionConfigurationPlatforms) = preSolution
		Debug|Any CPU = Debug|Any CPU
		Release|Any CPU = Release|Any CPU
	EndGlobalSection
	GlobalSection(ProjectConfigurationPlatforms) = postSolution
		{5634934F-E10A-4C0D-AF8F-6F5C92EF0551}.Debug|Any CPU.ActiveCfg = Debug|Any CPU
		{5634934F-E10A-4C0D-AF8F-6F5C92EF0551}.Debug|Any CPU.Build.0 = Debug|Any CPU
		{5634934F-E10A-4C0D-AF8F-6F5C92EF0551}.Release|Any CPU.ActiveCfg = Release|Any CPU
		{5634934F-E10A-4C0D-AF8F-6F5C92EF0551}.Release|Any CPU.Build.0 = Release|Any CPU
	EndGlobalSection
	GlobalSection(SolutionProperties) = preSolution
		HideSolutionNode = FALSE
	EndGlobalSection
	GlobalSection(ExtensibilityGlobals) = postSolution
		SolutionGuid = {869D0AF3-F80C-4A2B-87D5-6DCA6A39BF60}
	EndGlobalSection
EndGlobal
